
Microsoft Visual Studio Solution File, Format Version 12.00
# Visual Studio Version 17
VisualStudioVersion = 17.5.33530.505
MinimumVisualStudioVersion = 10.0.40219.1
Project("{9A19103F-16F7-4668-BE54-9A1E7A4F7556}") = "AniversarioAlunos", "AniversarioAlunos\AniversarioAlunos.csproj", "{6A8F11A5-58A2-4685-8E9D-E39AADDB9145}"
EndProject
Global
	GlobalSection(SolutionConfigurationPlatforms) = preSolution
		Debug|Any CPU = Debug|Any CPU
		Release|Any CPU = Release|Any CPU
	EndGlobalSection
	GlobalSection(ProjectConfigurationPlatforms) = postSolution
		{6A8F11A5-58A2-4685-8E9D-E39AADDB9145}.Debug|Any CPU.ActiveCfg = Debug|Any CPU
		{6A8F11A5-58A2-4685-8E9D-E39AADDB9145}.Debug|Any CPU.Build.0 = Debug|Any CPU
		{6A8F11A5-58A2-4685-8E9D-E39AADDB9145}.Release|Any CPU.ActiveCfg = Release|Any CPU
		{6A8F11A5-58A2-4685-8E9D-E39AADDB9145}.Release|Any CPU.Build.0 = Release|Any CPU
	EndGlobalSection
	GlobalSection(SolutionProperties) = preSolution
		HideSolutionNode = FALSE
	EndGlobalSection
	GlobalSection(ExtensibilityGlobals) = postSolution
		SolutionGuid = {8B99E6C9-662B-4997-A47D-1718A19AA782}
	EndGlobalSection
EndGlobal
